// !$*UTF8*$!
{
	archiveVersion = 1;
	classes = {
	};
	objectVersion = 54;
	objects = {

/* Begin PBXBuildFile section */
		1F6AF070A433EBCBE50355F8 /* Pods_NMS_IOS.framework in Frameworks */ = {isa = PBXBuildFile; fileRef = EFE518AC6A9B31F9CA8CF16C /* Pods_NMS_IOS.framework */; };
		570B6D2E2732A218002AFA9E /* MainLoginViewController.swift in Sources */ = {isa = PBXBuildFile; fileRef = 570B6D2D2732A218002AFA9E /* MainLoginViewController.swift */; };
		573E430A27380F2E004457AA /* SecondSignUpViewController.swift in Sources */ = {isa = PBXBuildFile; fileRef = 573E430927380F2E004457AA /* SecondSignUpViewController.swift */; };
		5768203E27341E8B008685F7 /* FirstSignUpViewController.swift in Sources */ = {isa = PBXBuildFile; fileRef = 5768203D27341E8B008685F7 /* FirstSignUpViewController.swift */; };
		5793749D2734E7D000D8096F /* SignUpViewModel.swift in Sources */ = {isa = PBXBuildFile; fileRef = 5793749C2734E7D000D8096F /* SignUpViewModel.swift */; };
		5793749F2734E7EE00D8096F /* ViewModelType.swift in Sources */ = {isa = PBXBuildFile; fileRef = 5793749E2734E7EE00D8096F /* ViewModelType.swift */; };
		57C8501526ECEFF200D0B3DF /* AppDelegate.swift in Sources */ = {isa = PBXBuildFile; fileRef = 57C8501426ECEFF200D0B3DF /* AppDelegate.swift */; };
		57C8501726ECEFF200D0B3DF /* SceneDelegate.swift in Sources */ = {isa = PBXBuildFile; fileRef = 57C8501626ECEFF200D0B3DF /* SceneDelegate.swift */; };
		57C8501926ECEFF200D0B3DF /* LoginAndSignupViewController.swift in Sources */ = {isa = PBXBuildFile; fileRef = 57C8501826ECEFF200D0B3DF /* LoginAndSignupViewController.swift */; };
		57C8501E26ECEFF300D0B3DF /* Assets.xcassets in Resources */ = {isa = PBXBuildFile; fileRef = 57C8501D26ECEFF300D0B3DF /* Assets.xcassets */; };
		57C8502126ECEFF300D0B3DF /* LaunchScreen.storyboard in Resources */ = {isa = PBXBuildFile; fileRef = 57C8501F26ECEFF300D0B3DF /* LaunchScreen.storyboard */; };
		57E0A56C2736B7D00074073E /* TwCenClassMTStd-Regular.otf in Resources */ = {isa = PBXBuildFile; fileRef = 57E0A5692736B3BD0074073E /* TwCenClassMTStd-Regular.otf */; };
		57E0A56D2736B7D40074073E /* NotoSansKR-Regular.otf in Resources */ = {isa = PBXBuildFile; fileRef = 57E0A5682736B3A90074073E /* NotoSansKR-Regular.otf */; };
/* End PBXBuildFile section */

/* Begin PBXFileReference section */
		0B5A671016077FEAF634BBCB /* Pods-NMS-IOS.release.xcconfig */ = {isa = PBXFileReference; includeInIndex = 1; lastKnownFileType = text.xcconfig; name = "Pods-NMS-IOS.release.xcconfig"; path = "Target Support Files/Pods-NMS-IOS/Pods-NMS-IOS.release.xcconfig"; sourceTree = "<group>"; };
		570B6D2D2732A218002AFA9E /* MainLoginViewController.swift */ = {isa = PBXFileReference; lastKnownFileType = sourcecode.swift; path = MainLoginViewController.swift; sourceTree = "<group>"; };
		573E430927380F2E004457AA /* SecondSignUpViewController.swift */ = {isa = PBXFileReference; lastKnownFileType = sourcecode.swift; path = SecondSignUpViewController.swift; sourceTree = "<group>"; };
		5768203D27341E8B008685F7 /* FirstSignUpViewController.swift */ = {isa = PBXFileReference; lastKnownFileType = sourcecode.swift; path = FirstSignUpViewController.swift; sourceTree = "<group>"; };
		5793749C2734E7D000D8096F /* SignUpViewModel.swift */ = {isa = PBXFileReference; lastKnownFileType = sourcecode.swift; path = SignUpViewModel.swift; sourceTree = "<group>"; };
		5793749E2734E7EE00D8096F /* ViewModelType.swift */ = {isa = PBXFileReference; lastKnownFileType = sourcecode.swift; path = ViewModelType.swift; sourceTree = "<group>"; };
		57C8501126ECEFF200D0B3DF /* NMS-IOS.app */ = {isa = PBXFileReference; explicitFileType = wrapper.application; includeInIndex = 0; path = "NMS-IOS.app"; sourceTree = BUILT_PRODUCTS_DIR; };
		57C8501426ECEFF200D0B3DF /* AppDelegate.swift */ = {isa = PBXFileReference; lastKnownFileType = sourcecode.swift; path = AppDelegate.swift; sourceTree = "<group>"; };
		57C8501626ECEFF200D0B3DF /* SceneDelegate.swift */ = {isa = PBXFileReference; lastKnownFileType = sourcecode.swift; path = SceneDelegate.swift; sourceTree = "<group>"; };
		57C8501826ECEFF200D0B3DF /* LoginAndSignupViewController.swift */ = {isa = PBXFileReference; lastKnownFileType = sourcecode.swift; path = LoginAndSignupViewController.swift; sourceTree = "<group>"; };
		57C8501D26ECEFF300D0B3DF /* Assets.xcassets */ = {isa = PBXFileReference; lastKnownFileType = folder.assetcatalog; path = Assets.xcassets; sourceTree = "<group>"; };
		57C8502026ECEFF300D0B3DF /* Base */ = {isa = PBXFileReference; lastKnownFileType = file.storyboard; name = Base; path = Base.lproj/LaunchScreen.storyboard; sourceTree = "<group>"; };
		57C8502226ECEFF300D0B3DF /* Info.plist */ = {isa = PBXFileReference; lastKnownFileType = text.plist.xml; path = Info.plist; sourceTree = "<group>"; };
		57E0A5682736B3A90074073E /* NotoSansKR-Regular.otf */ = {isa = PBXFileReference; lastKnownFileType = file; name = "NotoSansKR-Regular.otf"; path = "../../../../../Downloads/Noto_Sans_KR/NotoSansKR-Regular.otf"; sourceTree = "<group>"; };
		57E0A5692736B3BD0074073E /* TwCenClassMTStd-Regular.otf */ = {isa = PBXFileReference; lastKnownFileType = file; name = "TwCenClassMTStd-Regular.otf"; path = "../../../../../Downloads/tw-cen-mt-std/TwCenClassMTStd-Regular.otf"; sourceTree = "<group>"; };
		D17171A966D72402C5B98E60 /* Pods-NMS-IOS.debug.xcconfig */ = {isa = PBXFileReference; includeInIndex = 1; lastKnownFileType = text.xcconfig; name = "Pods-NMS-IOS.debug.xcconfig"; path = "Target Support Files/Pods-NMS-IOS/Pods-NMS-IOS.debug.xcconfig"; sourceTree = "<group>"; };
		EFE518AC6A9B31F9CA8CF16C /* Pods_NMS_IOS.framework */ = {isa = PBXFileReference; explicitFileType = wrapper.framework; includeInIndex = 0; path = Pods_NMS_IOS.framework; sourceTree = BUILT_PRODUCTS_DIR; };
/* End PBXFileReference section */

/* Begin PBXFrameworksBuildPhase section */
		57C8500E26ECEFF200D0B3DF /* Frameworks */ = {
			isa = PBXFrameworksBuildPhase;
			buildActionMask = 2147483647;
			files = (
				1F6AF070A433EBCBE50355F8 /* Pods_NMS_IOS.framework in Frameworks */,
			);
			runOnlyForDeploymentPostprocessing = 0;
		};
/* End PBXFrameworksBuildPhase section */

/* Begin PBXGroup section */
		570B6D2B2732A19E002AFA9E /* View */ = {
			isa = PBXGroup;
			children = (
				570B6D2C2732A1AC002AFA9E /* Auth */,
			);
			path = View;
			sourceTree = "<group>";
		};
		570B6D2C2732A1AC002AFA9E /* Auth */ = {
			isa = PBXGroup;
			children = (
				57C8501826ECEFF200D0B3DF /* LoginAndSignupViewController.swift */,
				570B6D2D2732A218002AFA9E /* MainLoginViewController.swift */,
				5768203C27341E61008685F7 /* SignUp */,
			);
			path = Auth;
			sourceTree = "<group>";
		};
		5768203C27341E61008685F7 /* SignUp */ = {
			isa = PBXGroup;
			children = (
				5768203D27341E8B008685F7 /* FirstSignUpViewController.swift */,
				573E430927380F2E004457AA /* SecondSignUpViewController.swift */,
			);
			path = SignUp;
			sourceTree = "<group>";
		};
		5793749A2734E79A00D8096F /* ViewModel */ = {
			isa = PBXGroup;
			children = (
				5793749E2734E7EE00D8096F /* ViewModelType.swift */,
				5793749B2734E7A800D8096F /* Auth */,
			);
			path = ViewModel;
			sourceTree = "<group>";
		};
		5793749B2734E7A800D8096F /* Auth */ = {
			isa = PBXGroup;
			children = (
				5793749C2734E7D000D8096F /* SignUpViewModel.swift */,
			);
			path = Auth;
			sourceTree = "<group>";
		};
		57C8500826ECEFF200D0B3DF = {
			isa = PBXGroup;
			children = (
				57C8501326ECEFF200D0B3DF /* MNS-IOS */,
				57C8501226ECEFF200D0B3DF /* Products */,
				AB66B680842ED1FE62276E85 /* Pods */,
				CE96431287950D078D6D104E /* Frameworks */,
			);
			sourceTree = "<group>";
		};
		57C8501226ECEFF200D0B3DF /* Products */ = {
			isa = PBXGroup;
			children = (
				57C8501126ECEFF200D0B3DF /* NMS-IOS.app */,
			);
			name = Products;
			sourceTree = "<group>";
		};
		57C8501326ECEFF200D0B3DF /* MNS-IOS */ = {
			isa = PBXGroup;
			children = (
				57E0A5672736B3180074073E /* Fomt */,
				5793749A2734E79A00D8096F /* ViewModel */,
				570B6D2B2732A19E002AFA9E /* View */,
				57C8501426ECEFF200D0B3DF /* AppDelegate.swift */,
				57C8501626ECEFF200D0B3DF /* SceneDelegate.swift */,
				57C8501F26ECEFF300D0B3DF /* LaunchScreen.storyboard */,
				57C8501D26ECEFF300D0B3DF /* Assets.xcassets */,
				57C8502226ECEFF300D0B3DF /* Info.plist */,
			);
			name = "MNS-IOS";
			path = "NMS-IOS";
			sourceTree = "<group>";
		};
		57E0A5672736B3180074073E /* Fomt */ = {
			isa = PBXGroup;
			children = (
				57E0A5692736B3BD0074073E /* TwCenClassMTStd-Regular.otf */,
				57E0A5682736B3A90074073E /* NotoSansKR-Regular.otf */,
			);
			path = Fomt;
			sourceTree = "<group>";
		};
		AB66B680842ED1FE62276E85 /* Pods */ = {
			isa = PBXGroup;
			children = (
				D17171A966D72402C5B98E60 /* Pods-NMS-IOS.debug.xcconfig */,
				0B5A671016077FEAF634BBCB /* Pods-NMS-IOS.release.xcconfig */,
			);
			path = Pods;
			sourceTree = "<group>";
		};
		CE96431287950D078D6D104E /* Frameworks */ = {
			isa = PBXGroup;
			children = (
				EFE518AC6A9B31F9CA8CF16C /* Pods_NMS_IOS.framework */,
			);
			name = Frameworks;
			sourceTree = "<group>";
		};
/* End PBXGroup section */

/* Begin PBXNativeTarget section */
		57C8501026ECEFF200D0B3DF /* NMS-IOS */ = {
			isa = PBXNativeTarget;
			buildConfigurationList = 57C8502526ECEFF300D0B3DF /* Build configuration list for PBXNativeTarget "NMS-IOS" */;
			buildPhases = (
				280DA8E72559161C5C3A75F0 /* [CP] Check Pods Manifest.lock */,
				57C8500D26ECEFF200D0B3DF /* Sources */,
				57C8500E26ECEFF200D0B3DF /* Frameworks */,
				57C8500F26ECEFF200D0B3DF /* Resources */,
				741168DFA013EE02C5AB0FC6 /* [CP] Embed Pods Frameworks */,
			);
			buildRules = (
			);
			dependencies = (
			);
			name = "NMS-IOS";
			productName = "0Z-Project";
			productReference = 57C8501126ECEFF200D0B3DF /* NMS-IOS.app */;
			productType = "com.apple.product-type.application";
		};
/* End PBXNativeTarget section */

/* Begin PBXProject section */
		57C8500926ECEFF200D0B3DF /* Project object */ = {
			isa = PBXProject;
			attributes = {
				BuildIndependentTargetsInParallel = 1;
				LastSwiftUpdateCheck = 1300;
				LastUpgradeCheck = 1300;
				TargetAttributes = {
					57C8501026ECEFF200D0B3DF = {
						CreatedOnToolsVersion = 13.0;
					};
				};
			};
			buildConfigurationList = 57C8500C26ECEFF200D0B3DF /* Build configuration list for PBXProject "NMS-IOS" */;
			compatibilityVersion = "Xcode 12.0";
			developmentRegion = en;
			hasScannedForEncodings = 0;
			knownRegions = (
				en,
				Base,
			);
			mainGroup = 57C8500826ECEFF200D0B3DF;
			productRefGroup = 57C8501226ECEFF200D0B3DF /* Products */;
			projectDirPath = "";
			projectRoot = "";
			targets = (
				57C8501026ECEFF200D0B3DF /* NMS-IOS */,
			);
		};
/* End PBXProject section */

/* Begin PBXResourcesBuildPhase section */
		57C8500F26ECEFF200D0B3DF /* Resources */ = {
			isa = PBXResourcesBuildPhase;
			buildActionMask = 2147483647;
			files = (
				57E0A56C2736B7D00074073E /* TwCenClassMTStd-Regular.otf in Resources */,
				57C8502126ECEFF300D0B3DF /* LaunchScreen.storyboard in Resources */,
				57C8501E26ECEFF300D0B3DF /* Assets.xcassets in Resources */,
				57E0A56D2736B7D40074073E /* NotoSansKR-Regular.otf in Resources */,
			);
			runOnlyForDeploymentPostprocessing = 0;
		};
/* End PBXResourcesBuildPhase section */

/* Begin PBXShellScriptBuildPhase section */
		280DA8E72559161C5C3A75F0 /* [CP] Check Pods Manifest.lock */ = {
			isa = PBXShellScriptBuildPhase;
			buildActionMask = 2147483647;
			files = (
			);
			inputFileListPaths = (
			);
			inputPaths = (
				"${PODS_PODFILE_DIR_PATH}/Podfile.lock",
				"${PODS_ROOT}/Manifest.lock",
			);
			name = "[CP] Check Pods Manifest.lock";
			outputFileListPaths = (
			);
			outputPaths = (
				"$(DERIVED_FILE_DIR)/Pods-NMS-IOS-checkManifestLockResult.txt",
			);
			runOnlyForDeploymentPostprocessing = 0;
			shellPath = /bin/sh;
			shellScript = "diff \"${PODS_PODFILE_DIR_PATH}/Podfile.lock\" \"${PODS_ROOT}/Manifest.lock\" > /dev/null\nif [ $? != 0 ] ; then\n    # print error to STDERR\n    echo \"error: The sandbox is not in sync with the Podfile.lock. Run 'pod install' or update your CocoaPods installation.\" >&2\n    exit 1\nfi\n# This output is used by Xcode 'outputs' to avoid re-running this script phase.\necho \"SUCCESS\" > \"${SCRIPT_OUTPUT_FILE_0}\"\n";
			showEnvVarsInLog = 0;
		};
		741168DFA013EE02C5AB0FC6 /* [CP] Embed Pods Frameworks */ = {
			isa = PBXShellScriptBuildPhase;
			buildActionMask = 2147483647;
			files = (
			);
			inputFileListPaths = (
				"${PODS_ROOT}/Target Support Files/Pods-NMS-IOS/Pods-NMS-IOS-frameworks-${CONFIGURATION}-input-files.xcfilelist",
			);
			name = "[CP] Embed Pods Frameworks";
			outputFileListPaths = (
				"${PODS_ROOT}/Target Support Files/Pods-NMS-IOS/Pods-NMS-IOS-frameworks-${CONFIGURATION}-output-files.xcfilelist",
			);
			runOnlyForDeploymentPostprocessing = 0;
			shellPath = /bin/sh;
			shellScript = "\"${PODS_ROOT}/Target Support Files/Pods-NMS-IOS/Pods-NMS-IOS-frameworks.sh\"\n";
			showEnvVarsInLog = 0;
		};
/* End PBXShellScriptBuildPhase section */

/* Begin PBXSourcesBuildPhase section */
		57C8500D26ECEFF200D0B3DF /* Sources */ = {
			isa = PBXSourcesBuildPhase;
			buildActionMask = 2147483647;
			files = (
				573E430A27380F2E004457AA /* SecondSignUpViewController.swift in Sources */,
				57C8501926ECEFF200D0B3DF /* LoginAndSignupViewController.swift in Sources */,
				570B6D2E2732A218002AFA9E /* MainLoginViewController.swift in Sources */,
				57C8501526ECEFF200D0B3DF /* AppDelegate.swift in Sources */,
				5768203E27341E8B008685F7 /* FirstSignUpViewController.swift in Sources */,
				5793749D2734E7D000D8096F /* SignUpViewModel.swift in Sources */,
				57C8501726ECEFF200D0B3DF /* SceneDelegate.swift in Sources */,
				5793749F2734E7EE00D8096F /* ViewModelType.swift in Sources */,
			);
			runOnlyForDeploymentPostprocessing = 0;
		};
/* End PBXSourcesBuildPhase section */

/* Begin PBXVariantGroup section */
		57C8501F26ECEFF300D0B3DF /* LaunchScreen.storyboard */ = {
			isa = PBXVariantGroup;
			children = (
				57C8502026ECEFF300D0B3DF /* Base */,
			);
			name = LaunchScreen.storyboard;
			sourceTree = "<group>";
		};
/* End PBXVariantGroup section */

/* Begin XCBuildConfiguration section */
		57C8502326ECEFF300D0B3DF /* Debug */ = {
			isa = XCBuildConfiguration;
			buildSettings = {
				ALWAYS_SEARCH_USER_PATHS = NO;
				CLANG_ANALYZER_NONNULL = YES;
				CLANG_ANALYZER_NUMBER_OBJECT_CONVERSION = YES_AGGRESSIVE;
				CLANG_CXX_LANGUAGE_STANDARD = "gnu++14";
				CLANG_CXX_LIBRARY = "libc++";
				CLANG_ENABLE_MODULES = YES;
				CLANG_ENABLE_OBJC_ARC = YES;
				CLANG_ENABLE_OBJC_WEAK = YES;
				CLANG_WARN_BLOCK_CAPTURE_AUTORELEASING = YES;
				CLANG_WARN_BOOL_CONVERSION = YES;
				CLANG_WARN_COMMA = YES;
				CLANG_WARN_CONSTANT_CONVERSION = YES;
				CLANG_WARN_DEPRECATED_OBJC_IMPLEMENTATIONS = YES;
				CLANG_WARN_DIRECT_OBJC_ISA_USAGE = YES_ERROR;
				CLANG_WARN_DOCUMENTATION_COMMENTS = YES;
				CLANG_WARN_EMPTY_BODY = YES;
				CLANG_WARN_ENUM_CONVERSION = YES;
				CLANG_WARN_INFINITE_RECURSION = YES;
				CLANG_WARN_INT_CONVERSION = YES;
				CLANG_WARN_NON_LITERAL_NULL_CONVERSION = YES;
				CLANG_WARN_OBJC_IMPLICIT_RETAIN_SELF = YES;
				CLANG_WARN_OBJC_LITERAL_CONVERSION = YES;
				CLANG_WARN_OBJC_ROOT_CLASS = YES_ERROR;
				CLANG_WARN_QUOTED_INCLUDE_IN_FRAMEWORK_HEADER = YES;
				CLANG_WARN_RANGE_LOOP_ANALYSIS = YES;
				CLANG_WARN_STRICT_PROTOTYPES = YES;
				CLANG_WARN_SUSPICIOUS_MOVE = YES;
				CLANG_WARN_UNGUARDED_AVAILABILITY = YES_AGGRESSIVE;
				CLANG_WARN_UNREACHABLE_CODE = YES;
				CLANG_WARN__DUPLICATE_METHOD_MATCH = YES;
				COPY_PHASE_STRIP = NO;
				DEBUG_INFORMATION_FORMAT = dwarf;
				ENABLE_STRICT_OBJC_MSGSEND = YES;
				ENABLE_TESTABILITY = YES;
				GCC_C_LANGUAGE_STANDARD = gnu11;
				GCC_DYNAMIC_NO_PIC = NO;
				GCC_NO_COMMON_BLOCKS = YES;
				GCC_OPTIMIZATION_LEVEL = 0;
				GCC_PREPROCESSOR_DEFINITIONS = (
					"DEBUG=1",
					"$(inherited)",
				);
				GCC_WARN_64_TO_32_BIT_CONVERSION = YES;
				GCC_WARN_ABOUT_RETURN_TYPE = YES_ERROR;
				GCC_WARN_UNDECLARED_SELECTOR = YES;
				GCC_WARN_UNINITIALIZED_AUTOS = YES_AGGRESSIVE;
				GCC_WARN_UNUSED_FUNCTION = YES;
				GCC_WARN_UNUSED_VARIABLE = YES;
				IPHONEOS_DEPLOYMENT_TARGET = 15.0;
				MTL_ENABLE_DEBUG_INFO = INCLUDE_SOURCE;
				MTL_FAST_MATH = YES;
				ONLY_ACTIVE_ARCH = YES;
				SDKROOT = iphoneos;
				SWIFT_ACTIVE_COMPILATION_CONDITIONS = DEBUG;
				SWIFT_OPTIMIZATION_LEVEL = "-Onone";
			};
			name = Debug;
		};
		57C8502426ECEFF300D0B3DF /* Release */ = {
			isa = XCBuildConfiguration;
			buildSettings = {
				ALWAYS_SEARCH_USER_PATHS = NO;
				CLANG_ANALYZER_NONNULL = YES;
				CLANG_ANALYZER_NUMBER_OBJECT_CONVERSION = YES_AGGRESSIVE;
				CLANG_CXX_LANGUAGE_STANDARD = "gnu++14";
				CLANG_CXX_LIBRARY = "libc++";
				CLANG_ENABLE_MODULES = YES;
				CLANG_ENABLE_OBJC_ARC = YES;
				CLANG_ENABLE_OBJC_WEAK = YES;
				CLANG_WARN_BLOCK_CAPTURE_AUTORELEASING = YES;
				CLANG_WARN_BOOL_CONVERSION = YES;
				CLANG_WARN_COMMA = YES;
				CLANG_WARN_CONSTANT_CONVERSION = YES;
				CLANG_WARN_DEPRECATED_OBJC_IMPLEMENTATIONS = YES;
				CLANG_WARN_DIRECT_OBJC_ISA_USAGE = YES_ERROR;
				CLANG_WARN_DOCUMENTATION_COMMENTS = YES;
				CLANG_WARN_EMPTY_BODY = YES;
				CLANG_WARN_ENUM_CONVERSION = YES;
				CLANG_WARN_INFINITE_RECURSION = YES;
				CLANG_WARN_INT_CONVERSION = YES;
				CLANG_WARN_NON_LITERAL_NULL_CONVERSION = YES;
				CLANG_WARN_OBJC_IMPLICIT_RETAIN_SELF = YES;
				CLANG_WARN_OBJC_LITERAL_CONVERSION = YES;
				CLANG_WARN_OBJC_ROOT_CLASS = YES_ERROR;
				CLANG_WARN_QUOTED_INCLUDE_IN_FRAMEWORK_HEADER = YES;
				CLANG_WARN_RANGE_LOOP_ANALYSIS = YES;
				CLANG_WARN_STRICT_PROTOTYPES = YES;
				CLANG_WARN_SUSPICIOUS_MOVE = YES;
				CLANG_WARN_UNGUARDED_AVAILABILITY = YES_AGGRESSIVE;
				CLANG_WARN_UNREACHABLE_CODE = YES;
				CLANG_WARN__DUPLICATE_METHOD_MATCH = YES;
				COPY_PHASE_STRIP = NO;
				DEBUG_INFORMATION_FORMAT = "dwarf-with-dsym";
				ENABLE_NS_ASSERTIONS = NO;
				ENABLE_STRICT_OBJC_MSGSEND = YES;
				GCC_C_LANGUAGE_STANDARD = gnu11;
				GCC_NO_COMMON_BLOCKS = YES;
				GCC_WARN_64_TO_32_BIT_CONVERSION = YES;
				GCC_WARN_ABOUT_RETURN_TYPE = YES_ERROR;
				GCC_WARN_UNDECLARED_SELECTOR = YES;
				GCC_WARN_UNINITIALIZED_AUTOS = YES_AGGRESSIVE;
				GCC_WARN_UNUSED_FUNCTION = YES;
				GCC_WARN_UNUSED_VARIABLE = YES;
				IPHONEOS_DEPLOYMENT_TARGET = 15.0;
				MTL_ENABLE_DEBUG_INFO = NO;
				MTL_FAST_MATH = YES;
				SDKROOT = iphoneos;
				SWIFT_COMPILATION_MODE = wholemodule;
				SWIFT_OPTIMIZATION_LEVEL = "-O";
				VALIDATE_PRODUCT = YES;
			};
			name = Release;
		};
		57C8502626ECEFF300D0B3DF /* Debug */ = {
			isa = XCBuildConfiguration;
			baseConfigurationReference = D17171A966D72402C5B98E60 /* Pods-NMS-IOS.debug.xcconfig */;
			buildSettings = {
				ASSETCATALOG_COMPILER_APPICON_NAME = AppIcon;
				ASSETCATALOG_COMPILER_GLOBAL_ACCENT_COLOR_NAME = AccentColor;
				CODE_SIGN_STYLE = Automatic;
				CURRENT_PROJECT_VERSION = 1;
				DEVELOPMENT_TEAM = 368YFJ26SB;
				GENERATE_INFOPLIST_FILE = YES;
				INFOPLIST_FILE = "NMS-IOS/Info.plist";
				INFOPLIST_KEY_CFBundleDisplayName = NMS;
				INFOPLIST_KEY_CFBundleExecutable = "0Z-Project";
				INFOPLIST_KEY_CFBundleName = "0Z-Project";
				INFOPLIST_KEY_CFBundleVersion = 1;
				INFOPLIST_KEY_UIApplicationSupportsIndirectInputEvents = YES;
				INFOPLIST_KEY_UILaunchStoryboardName = LaunchScreen;
				INFOPLIST_KEY_UISupportedInterfaceOrientations_iPad = "UIInterfaceOrientationPortrait UIInterfaceOrientationPortraitUpsideDown UIInterfaceOrientationLandscapeLeft UIInterfaceOrientationLandscapeRight";
				INFOPLIST_KEY_UISupportedInterfaceOrientations_iPhone = "UIInterfaceOrientationPortrait UIInterfaceOrientationLandscapeLeft UIInterfaceOrientationLandscapeRight";
				LD_RUNPATH_SEARCH_PATHS = (
					"$(inherited)",
					"@executable_path/Frameworks",
				);
				MARKETING_VERSION = 1.0;
				PRODUCT_BUNDLE_IDENTIFIER = "com.rich.-Z-Project";
				PRODUCT_NAME = "$(TARGET_NAME)";
				SWIFT_EMIT_LOC_STRINGS = YES;
				SWIFT_VERSION = 5.0;
				TARGETED_DEVICE_FAMILY = 1;
			};
			name = Debug;
		};
		57C8502726ECEFF300D0B3DF /* Release */ = {
			isa = XCBuildConfiguration;
			baseConfigurationReference = 0B5A671016077FEAF634BBCB /* Pods-NMS-IOS.release.xcconfig */;
			buildSettings = {
				ASSETCATALOG_COMPILER_APPICON_NAME = AppIcon;
				ASSETCATALOG_COMPILER_GLOBAL_ACCENT_COLOR_NAME = AccentColor;
				CODE_SIGN_STYLE = Automatic;
				CURRENT_PROJECT_VERSION = 1;
				DEVELOPMENT_TEAM = 368YFJ26SB;
				GENERATE_INFOPLIST_FILE = YES;
				INFOPLIST_FILE = "NMS-IOS/Info.plist";
				INFOPLIST_KEY_CFBundleDisplayName = NMS;
				INFOPLIST_KEY_CFBundleExecutable = "0Z-Project";
				INFOPLIST_KEY_CFBundleName = "0Z-Project";
				INFOPLIST_KEY_CFBundleVersion = 1;
				INFOPLIST_KEY_UIApplicationSupportsIndirectInputEvents = YES;
				INFOPLIST_KEY_UILaunchStoryboardName = LaunchScreen;
				INFOPLIST_KEY_UISupportedInterfaceOrientations_iPad = "UIInterfaceOrientationPortrait UIInterfaceOrientationPortraitUpsideDown UIInterfaceOrientationLandscapeLeft UIInterfaceOrientationLandscapeRight";
				INFOPLIST_KEY_UISupportedInterfaceOrientations_iPhone = "UIInterfaceOrientationPortrait UIInterfaceOrientationLandscapeLeft UIInterfaceOrientationLandscapeRight";
				LD_RUNPATH_SEARCH_PATHS = (
					"$(inherited)",
					"@executable_path/Frameworks",
				);
				MARKETING_VERSION = 1.0;
				PRODUCT_BUNDLE_IDENTIFIER = "com.rich.-Z-Project";
				PRODUCT_NAME = "$(TARGET_NAME)";
				SWIFT_EMIT_LOC_STRINGS = YES;
				SWIFT_VERSION = 5.0;
				TARGETED_DEVICE_FAMILY = 1;
			};
			name = Release;
		};
/* End XCBuildConfiguration section */

/* Begin XCConfigurationList section */
		57C8500C26ECEFF200D0B3DF /* Build configuration list for PBXProject "NMS-IOS" */ = {
			isa = XCConfigurationList;
			buildConfigurations = (
				57C8502326ECEFF300D0B3DF /* Debug */,
				57C8502426ECEFF300D0B3DF /* Release */,
			);
			defaultConfigurationIsVisible = 0;
			defaultConfigurationName = Release;
		};
		57C8502526ECEFF300D0B3DF /* Build configuration list for PBXNativeTarget "NMS-IOS" */ = {
			isa = XCConfigurationList;
			buildConfigurations = (
				57C8502626ECEFF300D0B3DF /* Debug */,
				57C8502726ECEFF300D0B3DF /* Release */,
			);
			defaultConfigurationIsVisible = 0;
			defaultConfigurationName = Release;
		};
/* End XCConfigurationList section */
	};
	rootObject = 57C8500926ECEFF200D0B3DF /* Project object */;
}
