// !$*UTF8*$!
{
	archiveVersion = 1;
	classes = {
	};
	objectVersion = 54;
	objects = {

/* Begin PBXBuildFile section */
		570077B5273A7C4500608A93 /* MenuTableViewCell.swift in Sources */ = {isa = PBXBuildFile; fileRef = 570077B4273A7C4500608A93 /* MenuTableViewCell.swift */; };
		570B6D2E2732A218002AFA9E /* MainLoginViewController.swift in Sources */ = {isa = PBXBuildFile; fileRef = 570B6D2D2732A218002AFA9E /* MainLoginViewController.swift */; };
		571234D5273962F100E9E9B4 /* MainViewController.swift in Sources */ = {isa = PBXBuildFile; fileRef = 571234D4273962F100E9E9B4 /* MainViewController.swift */; };
		5724F80D274CD49A00F3A93A /* EditMyProfileViewController.swift in Sources */ = {isa = PBXBuildFile; fileRef = 5724F80C274CD49A00F3A93A /* EditMyProfileViewController.swift */; };
		572A272227623C01003AFA06 /* API.swift in Sources */ = {isa = PBXBuildFile; fileRef = 572A272127623C01003AFA06 /* API.swift */; };
		573E430A27380F2E004457AA /* SecondSignUpViewController.swift in Sources */ = {isa = PBXBuildFile; fileRef = 573E430927380F2E004457AA /* SecondSignUpViewController.swift */; };
		574A77B42757A6E000204BFF /* DetailPostViewController.swift in Sources */ = {isa = PBXBuildFile; fileRef = 574A77B32757A6E000204BFF /* DetailPostViewController.swift */; };
		57637F8E273AAE2E007B8334 /* MainPostTableViewCell.swift in Sources */ = {isa = PBXBuildFile; fileRef = 57637F8D273AAE2E007B8334 /* MainPostTableViewCell.swift */; };
		5768203E27341E8B008685F7 /* FirstSignUpViewController.swift in Sources */ = {isa = PBXBuildFile; fileRef = 5768203D27341E8B008685F7 /* FirstSignUpViewController.swift */; };
		5772272727563FFC00BDF2BE /* SecondChangePasswordViewController.swift in Sources */ = {isa = PBXBuildFile; fileRef = 5772272627563FFC00BDF2BE /* SecondChangePasswordViewController.swift */; };
		577A1BDE274B0BAD00282527 /* LikePostCollectionViewCell.swift in Sources */ = {isa = PBXBuildFile; fileRef = 577A1BDD274B0BAD00282527 /* LikePostCollectionViewCell.swift */; };
		577A1BE0274B0F0200282527 /* CustomCollectionView.swift in Sources */ = {isa = PBXBuildFile; fileRef = 577A1BDF274B0F0200282527 /* CustomCollectionView.swift */; };
		577A1BE2274B7AB400282527 /* MainPostCrellFunc.swift in Sources */ = {isa = PBXBuildFile; fileRef = 577A1BE1274B7AB400282527 /* MainPostCrellFunc.swift */; };
		577A1BE4274BB51A00282527 /* MainPostHasImageTableViewCell.swift in Sources */ = {isa = PBXBuildFile; fileRef = 577A1BE3274BB51A00282527 /* MainPostHasImageTableViewCell.swift */; };
		577E39EF2753AEB100FBAD3A /* AudioToolbox.framework in Frameworks */ = {isa = PBXBuildFile; fileRef = 577E39EE2753AEB100FBAD3A /* AudioToolbox.framework */; };
		5793749D2734E7D000D8096F /* SignUpViewModel.swift in Sources */ = {isa = PBXBuildFile; fileRef = 5793749C2734E7D000D8096F /* SignUpViewModel.swift */; };
		5793749F2734E7EE00D8096F /* ViewModelType.swift in Sources */ = {isa = PBXBuildFile; fileRef = 5793749E2734E7EE00D8096F /* ViewModelType.swift */; };
		57A57A78275B900000845A22 /* MainCommentTableViewCell.swift in Sources */ = {isa = PBXBuildFile; fileRef = 57A57A77275B900000845A22 /* MainCommentTableViewCell.swift */; };
		57A57A7B275B902400845A22 /* ReplyCommentTableViewCell.swift in Sources */ = {isa = PBXBuildFile; fileRef = 57A57A7A275B902400845A22 /* ReplyCommentTableViewCell.swift */; };
		57BBF7822745C79A0075053D /* DumeData.swift in Sources */ = {isa = PBXBuildFile; fileRef = 57BBF7812745C79A0075053D /* DumeData.swift */; };
		57C8501526ECEFF200D0B3DF /* AppDelegate.swift in Sources */ = {isa = PBXBuildFile; fileRef = 57C8501426ECEFF200D0B3DF /* AppDelegate.swift */; };
		57C8501726ECEFF200D0B3DF /* SceneDelegate.swift in Sources */ = {isa = PBXBuildFile; fileRef = 57C8501626ECEFF200D0B3DF /* SceneDelegate.swift */; };
		57C8501926ECEFF200D0B3DF /* LoginAndSignupViewController.swift in Sources */ = {isa = PBXBuildFile; fileRef = 57C8501826ECEFF200D0B3DF /* LoginAndSignupViewController.swift */; };
		57C8501E26ECEFF300D0B3DF /* Assets.xcassets in Resources */ = {isa = PBXBuildFile; fileRef = 57C8501D26ECEFF300D0B3DF /* Assets.xcassets */; };
		57C8502126ECEFF300D0B3DF /* LaunchScreen.storyboard in Resources */ = {isa = PBXBuildFile; fileRef = 57C8501F26ECEFF300D0B3DF /* LaunchScreen.storyboard */; };
		57D264562747F07A009002C4 /* MainMyPageViewController.swift in Sources */ = {isa = PBXBuildFile; fileRef = 57D264552747F07A009002C4 /* MainMyPageViewController.swift */; };
		57D8061E2739052C003B5C06 /* TextField.swift in Sources */ = {isa = PBXBuildFile; fileRef = 57D8061D2739052C003B5C06 /* TextField.swift */; };
		57D8062027393CCD003B5C06 /* ThirdSignUpViewController.swift in Sources */ = {isa = PBXBuildFile; fileRef = 57D8061F27393CCD003B5C06 /* ThirdSignUpViewController.swift */; };
		57DF49D4275512CA001AC399 /* FirstChangPassWordViewController.swift in Sources */ = {isa = PBXBuildFile; fileRef = 57DF49D3275512CA001AC399 /* FirstChangPassWordViewController.swift */; };
		57E0A56C2736B7D00074073E /* TwCenClassMTStd-Regular.otf in Resources */ = {isa = PBXBuildFile; fileRef = 57E0A5692736B3BD0074073E /* TwCenClassMTStd-Regular.otf */; };
		57E0A56D2736B7D40074073E /* NotoSansKR-Regular.otf in Resources */ = {isa = PBXBuildFile; fileRef = 57E0A5682736B3A90074073E /* NotoSansKR-Regular.otf */; };
		57EB66842762325E00F16A97 /* TokenModel.swift in Sources */ = {isa = PBXBuildFile; fileRef = 57EB66832762325E00F16A97 /* TokenModel.swift */; };
		57FB6AD1273B910500512787 /* NotoSansKR-Medium.otf in Resources */ = {isa = PBXBuildFile; fileRef = 57FB6ACF273B7FE800512787 /* NotoSansKR-Medium.otf */; };
		57FB6AD2273B910A00512787 /* NotoSansKR-Bold.otf in Resources */ = {isa = PBXBuildFile; fileRef = 57FB6AD0273B7FF200512787 /* NotoSansKR-Bold.otf */; };
		C24A8FAC5906D2CF9CCD98F0 /* Pods_NMS_IOS.framework in Frameworks */ = {isa = PBXBuildFile; fileRef = 89C1B556CA9F06BD1CFCDBF7 /* Pods_NMS_IOS.framework */; };
/* End PBXBuildFile section */

/* Begin PBXFileReference section */
		21D8982C61B214D683690A85 /* Pods-NMS-IOS.debug.xcconfig */ = {isa = PBXFileReference; includeInIndex = 1; lastKnownFileType = text.xcconfig; name = "Pods-NMS-IOS.debug.xcconfig"; path = "Target Support Files/Pods-NMS-IOS/Pods-NMS-IOS.debug.xcconfig"; sourceTree = "<group>"; };
		570077B4273A7C4500608A93 /* MenuTableViewCell.swift */ = {isa = PBXFileReference; lastKnownFileType = sourcecode.swift; path = MenuTableViewCell.swift; sourceTree = "<group>"; };
		570B6D2D2732A218002AFA9E /* MainLoginViewController.swift */ = {isa = PBXFileReference; lastKnownFileType = sourcecode.swift; path = MainLoginViewController.swift; sourceTree = "<group>"; };
		571234D4273962F100E9E9B4 /* MainViewController.swift */ = {isa = PBXFileReference; lastKnownFileType = sourcecode.swift; path = MainViewController.swift; sourceTree = "<group>"; };
		5720433274A4DF04F4AB28EA /* Pods-NMS-IOS.release.xcconfig */ = {isa = PBXFileReference; includeInIndex = 1; lastKnownFileType = text.xcconfig; name = "Pods-NMS-IOS.release.xcconfig"; path = "Target Support Files/Pods-NMS-IOS/Pods-NMS-IOS.release.xcconfig"; sourceTree = "<group>"; };
		5724F80C274CD49A00F3A93A /* EditMyProfileViewController.swift */ = {isa = PBXFileReference; lastKnownFileType = sourcecode.swift; path = EditMyProfileViewController.swift; sourceTree = "<group>"; };
		572A272127623C01003AFA06 /* API.swift */ = {isa = PBXFileReference; lastKnownFileType = sourcecode.swift; path = API.swift; sourceTree = "<group>"; };
		573E430927380F2E004457AA /* SecondSignUpViewController.swift */ = {isa = PBXFileReference; lastKnownFileType = sourcecode.swift; path = SecondSignUpViewController.swift; sourceTree = "<group>"; };
		574A77B32757A6E000204BFF /* DetailPostViewController.swift */ = {isa = PBXFileReference; lastKnownFileType = sourcecode.swift; path = DetailPostViewController.swift; sourceTree = "<group>"; };
		57637F8D273AAE2E007B8334 /* MainPostTableViewCell.swift */ = {isa = PBXFileReference; lastKnownFileType = sourcecode.swift; path = MainPostTableViewCell.swift; sourceTree = "<group>"; };
		5768203D27341E8B008685F7 /* FirstSignUpViewController.swift */ = {isa = PBXFileReference; lastKnownFileType = sourcecode.swift; path = FirstSignUpViewController.swift; sourceTree = "<group>"; };
		5772272627563FFC00BDF2BE /* SecondChangePasswordViewController.swift */ = {isa = PBXFileReference; lastKnownFileType = sourcecode.swift; path = SecondChangePasswordViewController.swift; sourceTree = "<group>"; };
		577A1BDD274B0BAD00282527 /* LikePostCollectionViewCell.swift */ = {isa = PBXFileReference; lastKnownFileType = sourcecode.swift; path = LikePostCollectionViewCell.swift; sourceTree = "<group>"; };
		577A1BDF274B0F0200282527 /* CustomCollectionView.swift */ = {isa = PBXFileReference; lastKnownFileType = sourcecode.swift; path = CustomCollectionView.swift; sourceTree = "<group>"; };
		577A1BE1274B7AB400282527 /* MainPostCrellFunc.swift */ = {isa = PBXFileReference; lastKnownFileType = sourcecode.swift; path = MainPostCrellFunc.swift; sourceTree = "<group>"; };
		577A1BE3274BB51A00282527 /* MainPostHasImageTableViewCell.swift */ = {isa = PBXFileReference; lastKnownFileType = sourcecode.swift; path = MainPostHasImageTableViewCell.swift; sourceTree = "<group>"; };
		577E39EE2753AEB100FBAD3A /* AudioToolbox.framework */ = {isa = PBXFileReference; lastKnownFileType = wrapper.framework; name = AudioToolbox.framework; path = System/Library/Frameworks/AudioToolbox.framework; sourceTree = SDKROOT; };
		5793749C2734E7D000D8096F /* SignUpViewModel.swift */ = {isa = PBXFileReference; lastKnownFileType = sourcecode.swift; path = SignUpViewModel.swift; sourceTree = "<group>"; };
		5793749E2734E7EE00D8096F /* ViewModelType.swift */ = {isa = PBXFileReference; lastKnownFileType = sourcecode.swift; path = ViewModelType.swift; sourceTree = "<group>"; };
		57A57A77275B900000845A22 /* MainCommentTableViewCell.swift */ = {isa = PBXFileReference; lastKnownFileType = sourcecode.swift; path = MainCommentTableViewCell.swift; sourceTree = "<group>"; };
		57A57A7A275B902400845A22 /* ReplyCommentTableViewCell.swift */ = {isa = PBXFileReference; lastKnownFileType = sourcecode.swift; path = ReplyCommentTableViewCell.swift; sourceTree = "<group>"; };
		57BBF7812745C79A0075053D /* DumeData.swift */ = {isa = PBXFileReference; lastKnownFileType = sourcecode.swift; path = DumeData.swift; sourceTree = "<group>"; };
		57C8501126ECEFF200D0B3DF /* NMS-IOS.app */ = {isa = PBXFileReference; explicitFileType = wrapper.application; includeInIndex = 0; path = "NMS-IOS.app"; sourceTree = BUILT_PRODUCTS_DIR; };
		57C8501426ECEFF200D0B3DF /* AppDelegate.swift */ = {isa = PBXFileReference; lastKnownFileType = sourcecode.swift; path = AppDelegate.swift; sourceTree = "<group>"; };
		57C8501626ECEFF200D0B3DF /* SceneDelegate.swift */ = {isa = PBXFileReference; lastKnownFileType = sourcecode.swift; path = SceneDelegate.swift; sourceTree = "<group>"; };
		57C8501826ECEFF200D0B3DF /* LoginAndSignupViewController.swift */ = {isa = PBXFileReference; lastKnownFileType = sourcecode.swift; path = LoginAndSignupViewController.swift; sourceTree = "<group>"; };
		57C8501D26ECEFF300D0B3DF /* Assets.xcassets */ = {isa = PBXFileReference; lastKnownFileType = folder.assetcatalog; path = Assets.xcassets; sourceTree = "<group>"; };
		57C8502026ECEFF300D0B3DF /* Base */ = {isa = PBXFileReference; lastKnownFileType = file.storyboard; name = Base; path = Base.lproj/LaunchScreen.storyboard; sourceTree = "<group>"; };
		57C8502226ECEFF300D0B3DF /* Info.plist */ = {isa = PBXFileReference; lastKnownFileType = text.plist.xml; path = Info.plist; sourceTree = "<group>"; };
		57D264552747F07A009002C4 /* MainMyPageViewController.swift */ = {isa = PBXFileReference; lastKnownFileType = sourcecode.swift; path = MainMyPageViewController.swift; sourceTree = "<group>"; };
		57D8061D2739052C003B5C06 /* TextField.swift */ = {isa = PBXFileReference; lastKnownFileType = sourcecode.swift; path = TextField.swift; sourceTree = "<group>"; };
		57D8061F27393CCD003B5C06 /* ThirdSignUpViewController.swift */ = {isa = PBXFileReference; lastKnownFileType = sourcecode.swift; path = ThirdSignUpViewController.swift; sourceTree = "<group>"; };
		57DF49D3275512CA001AC399 /* FirstChangPassWordViewController.swift */ = {isa = PBXFileReference; lastKnownFileType = sourcecode.swift; path = FirstChangPassWordViewController.swift; sourceTree = "<group>"; };
		57E0A5682736B3A90074073E /* NotoSansKR-Regular.otf */ = {isa = PBXFileReference; lastKnownFileType = file; path = "NotoSansKR-Regular.otf"; sourceTree = "<group>"; };
		57E0A5692736B3BD0074073E /* TwCenClassMTStd-Regular.otf */ = {isa = PBXFileReference; lastKnownFileType = file; path = "TwCenClassMTStd-Regular.otf"; sourceTree = "<group>"; };
		57EB66832762325E00F16A97 /* TokenModel.swift */ = {isa = PBXFileReference; lastKnownFileType = sourcecode.swift; path = TokenModel.swift; sourceTree = "<group>"; };
		57FB6ACF273B7FE800512787 /* NotoSansKR-Medium.otf */ = {isa = PBXFileReference; lastKnownFileType = file; path = "NotoSansKR-Medium.otf"; sourceTree = "<group>"; };
		57FB6AD0273B7FF200512787 /* NotoSansKR-Bold.otf */ = {isa = PBXFileReference; lastKnownFileType = file; path = "NotoSansKR-Bold.otf"; sourceTree = "<group>"; };
		89C1B556CA9F06BD1CFCDBF7 /* Pods_NMS_IOS.framework */ = {isa = PBXFileReference; explicitFileType = wrapper.framework; includeInIndex = 0; path = Pods_NMS_IOS.framework; sourceTree = BUILT_PRODUCTS_DIR; };
/* End PBXFileReference section */

/* Begin PBXFrameworksBuildPhase section */
		57C8500E26ECEFF200D0B3DF /* Frameworks */ = {
			isa = PBXFrameworksBuildPhase;
			buildActionMask = 2147483647;
			files = (
				577E39EF2753AEB100FBAD3A /* AudioToolbox.framework in Frameworks */,
				C24A8FAC5906D2CF9CCD98F0 /* Pods_NMS_IOS.framework in Frameworks */,
			);
			runOnlyForDeploymentPostprocessing = 0;
		};
/* End PBXFrameworksBuildPhase section */

/* Begin PBXGroup section */
		570077B1273A7BD900608A93 /* Cell */ = {
			isa = PBXGroup;
			children = (
				57A57A76275B8E7600845A22 /* Comment */,
				57A57A75275B8E6C00845A22 /* Post */,
			);
			path = Cell;
			sourceTree = "<group>";
		};
		570B6D2B2732A19E002AFA9E /* View */ = {
			isa = PBXGroup;
			children = (
				57D264542747EF6E009002C4 /* MyPage */,
				571234D3273962B200E9E9B4 /* MainView */,
				570B6D2C2732A1AC002AFA9E /* Auth */,
			);
			path = View;
			sourceTree = "<group>";
		};
		570B6D2C2732A1AC002AFA9E /* Auth */ = {
			isa = PBXGroup;
			children = (
				57C8501826ECEFF200D0B3DF /* LoginAndSignupViewController.swift */,
				570B6D2D2732A218002AFA9E /* MainLoginViewController.swift */,
				5768203C27341E61008685F7 /* SignUp */,
			);
			path = Auth;
			sourceTree = "<group>";
		};
		571234D3273962B200E9E9B4 /* MainView */ = {
			isa = PBXGroup;
			children = (
				570077B1273A7BD900608A93 /* Cell */,
				571234D4273962F100E9E9B4 /* MainViewController.swift */,
				574A77B32757A6E000204BFF /* DetailPostViewController.swift */,
			);
			path = MainView;
			sourceTree = "<group>";
		};
		572A272027623BF5003AFA06 /* Networking */ = {
			isa = PBXGroup;
			children = (
				572A272127623C01003AFA06 /* API.swift */,
			);
			path = Networking;
			sourceTree = "<group>";
		};
		5768203C27341E61008685F7 /* SignUp */ = {
			isa = PBXGroup;
			children = (
				5768203D27341E8B008685F7 /* FirstSignUpViewController.swift */,
				573E430927380F2E004457AA /* SecondSignUpViewController.swift */,
				57D8061F27393CCD003B5C06 /* ThirdSignUpViewController.swift */,
			);
			path = SignUp;
			sourceTree = "<group>";
		};
		57892477275A423900901FDB /* Resources */ = {
			isa = PBXGroup;
			children = (
				57E0A5672736B3180074073E /* Fomt */,
				57C8501D26ECEFF300D0B3DF /* Assets.xcassets */,
				57C8501426ECEFF200D0B3DF /* AppDelegate.swift */,
				57C8501626ECEFF200D0B3DF /* SceneDelegate.swift */,
				57C8501F26ECEFF300D0B3DF /* LaunchScreen.storyboard */,
				57C8502226ECEFF300D0B3DF /* Info.plist */,
			);
			path = Resources;
			sourceTree = "<group>";
		};
		57892478275A42B700901FDB /* Sources */ = {
			isa = PBXGroup;
			children = (
				572A272027623BF5003AFA06 /* Networking */,
				57D8061C273904FC003B5C06 /* Extension */,
				5793749A2734E79A00D8096F /* Model */,
				570B6D2B2732A19E002AFA9E /* View */,
			);
			path = Sources;
			sourceTree = "<group>";
		};
		5793749A2734E79A00D8096F /* Model */ = {
			isa = PBXGroup;
			children = (
				5793749B2734E7A800D8096F /* Auth */,
				57BBF7812745C79A0075053D /* DumeData.swift */,
				5793749E2734E7EE00D8096F /* ViewModelType.swift */,
				57EB66832762325E00F16A97 /* TokenModel.swift */,
			);
			path = Model;
			sourceTree = "<group>";
		};
		5793749B2734E7A800D8096F /* Auth */ = {
			isa = PBXGroup;
			children = (
				5793749C2734E7D000D8096F /* SignUpViewModel.swift */,
			);
			path = Auth;
			sourceTree = "<group>";
		};
		57A57A75275B8E6C00845A22 /* Post */ = {
			isa = PBXGroup;
			children = (
				577A1BE1274B7AB400282527 /* MainPostCrellFunc.swift */,
				570077B4273A7C4500608A93 /* MenuTableViewCell.swift */,
				57637F8D273AAE2E007B8334 /* MainPostTableViewCell.swift */,
				577A1BE3274BB51A00282527 /* MainPostHasImageTableViewCell.swift */,
			);
			path = Post;
			sourceTree = "<group>";
		};
		57A57A76275B8E7600845A22 /* Comment */ = {
			isa = PBXGroup;
			children = (
				57A57A77275B900000845A22 /* MainCommentTableViewCell.swift */,
				57A57A7A275B902400845A22 /* ReplyCommentTableViewCell.swift */,
			);
			path = Comment;
			sourceTree = "<group>";
		};
		57C8500826ECEFF200D0B3DF = {
			isa = PBXGroup;
			children = (
				57C8501326ECEFF200D0B3DF /* MNS-IOS */,
				57C8501226ECEFF200D0B3DF /* Products */,
				AB66B680842ED1FE62276E85 /* Pods */,
				CE96431287950D078D6D104E /* Frameworks */,
			);
			sourceTree = "<group>";
		};
		57C8501226ECEFF200D0B3DF /* Products */ = {
			isa = PBXGroup;
			children = (
				57C8501126ECEFF200D0B3DF /* NMS-IOS.app */,
			);
			name = Products;
			sourceTree = "<group>";
		};
		57C8501326ECEFF200D0B3DF /* MNS-IOS */ = {
			isa = PBXGroup;
			children = (
				57892478275A42B700901FDB /* Sources */,
				57892477275A423900901FDB /* Resources */,
			);
			name = "MNS-IOS";
			path = "NMS-IOS";
			sourceTree = "<group>";
		};
		57D264542747EF6E009002C4 /* MyPage */ = {
			isa = PBXGroup;
			children = (
				57DF49D0275511D7001AC399 /* ChangPassWord */,
				577A1BDD274B0BAD00282527 /* LikePostCollectionViewCell.swift */,
				57D264552747F07A009002C4 /* MainMyPageViewController.swift */,
				5724F80C274CD49A00F3A93A /* EditMyProfileViewController.swift */,
				577A1BDF274B0F0200282527 /* CustomCollectionView.swift */,
			);
			path = MyPage;
			sourceTree = "<group>";
		};
		57D8061C273904FC003B5C06 /* Extension */ = {
			isa = PBXGroup;
			children = (
				57D8061D2739052C003B5C06 /* TextField.swift */,
			);
			path = Extension;
			sourceTree = "<group>";
		};
		57DF49D0275511D7001AC399 /* ChangPassWord */ = {
			isa = PBXGroup;
			children = (
				57DF49D3275512CA001AC399 /* FirstChangPassWordViewController.swift */,
				5772272627563FFC00BDF2BE /* SecondChangePasswordViewController.swift */,
			);
			path = ChangPassWord;
			sourceTree = "<group>";
		};
		57E0A5672736B3180074073E /* Fomt */ = {
			isa = PBXGroup;
			children = (
				57E0A5692736B3BD0074073E /* TwCenClassMTStd-Regular.otf */,
				57E0A5682736B3A90074073E /* NotoSansKR-Regular.otf */,
				57FB6ACF273B7FE800512787 /* NotoSansKR-Medium.otf */,
				57FB6AD0273B7FF200512787 /* NotoSansKR-Bold.otf */,
			);
			path = Fomt;
			sourceTree = "<group>";
		};
		AB66B680842ED1FE62276E85 /* Pods */ = {
			isa = PBXGroup;
			children = (
				21D8982C61B214D683690A85 /* Pods-NMS-IOS.debug.xcconfig */,
				5720433274A4DF04F4AB28EA /* Pods-NMS-IOS.release.xcconfig */,
			);
			path = Pods;
			sourceTree = "<group>";
		};
		CE96431287950D078D6D104E /* Frameworks */ = {
			isa = PBXGroup;
			children = (
				577E39EE2753AEB100FBAD3A /* AudioToolbox.framework */,
				89C1B556CA9F06BD1CFCDBF7 /* Pods_NMS_IOS.framework */,
			);
			name = Frameworks;
			sourceTree = "<group>";
		};
/* End PBXGroup section */

/* Begin PBXNativeTarget section */
		57C8501026ECEFF200D0B3DF /* NMS-IOS */ = {
			isa = PBXNativeTarget;
			buildConfigurationList = 57C8502526ECEFF300D0B3DF /* Build configuration list for PBXNativeTarget "NMS-IOS" */;
			buildPhases = (
				7494F85F672BAB032E4C0A01 /* [CP] Check Pods Manifest.lock */,
				57C8500D26ECEFF200D0B3DF /* Sources */,
				57C8500E26ECEFF200D0B3DF /* Frameworks */,
				57C8500F26ECEFF200D0B3DF /* Resources */,
				57CC13E87C13719C415EA704 /* [CP] Embed Pods Frameworks */,
			);
			buildRules = (
			);
			dependencies = (
			);
			name = "NMS-IOS";
			productName = "0Z-Project";
			productReference = 57C8501126ECEFF200D0B3DF /* NMS-IOS.app */;
			productType = "com.apple.product-type.application";
		};
/* End PBXNativeTarget section */

/* Begin PBXProject section */
		57C8500926ECEFF200D0B3DF /* Project object */ = {
			isa = PBXProject;
			attributes = {
				BuildIndependentTargetsInParallel = 1;
				LastSwiftUpdateCheck = 1300;
				LastUpgradeCheck = 1300;
				TargetAttributes = {
					57C8501026ECEFF200D0B3DF = {
						CreatedOnToolsVersion = 13.0;
					};
				};
			};
			buildConfigurationList = 57C8500C26ECEFF200D0B3DF /* Build configuration list for PBXProject "NMS-IOS" */;
			compatibilityVersion = "Xcode 12.0";
			developmentRegion = en;
			hasScannedForEncodings = 0;
			knownRegions = (
				en,
				Base,
			);
			mainGroup = 57C8500826ECEFF200D0B3DF;
			productRefGroup = 57C8501226ECEFF200D0B3DF /* Products */;
			projectDirPath = "";
			projectRoot = "";
			targets = (
				57C8501026ECEFF200D0B3DF /* NMS-IOS */,
			);
		};
/* End PBXProject section */

/* Begin PBXResourcesBuildPhase section */
		57C8500F26ECEFF200D0B3DF /* Resources */ = {
			isa = PBXResourcesBuildPhase;
			buildActionMask = 2147483647;
			files = (
				57FB6AD2273B910A00512787 /* NotoSansKR-Bold.otf in Resources */,
				57FB6AD1273B910500512787 /* NotoSansKR-Medium.otf in Resources */,
				57E0A56C2736B7D00074073E /* TwCenClassMTStd-Regular.otf in Resources */,
				57C8502126ECEFF300D0B3DF /* LaunchScreen.storyboard in Resources */,
				57C8501E26ECEFF300D0B3DF /* Assets.xcassets in Resources */,
				57E0A56D2736B7D40074073E /* NotoSansKR-Regular.otf in Resources */,
			);
			runOnlyForDeploymentPostprocessing = 0;
		};
/* End PBXResourcesBuildPhase section */

/* Begin PBXShellScriptBuildPhase section */
		57CC13E87C13719C415EA704 /* [CP] Embed Pods Frameworks */ = {
			isa = PBXShellScriptBuildPhase;
			buildActionMask = 2147483647;
			files = (
			);
			inputFileListPaths = (
				"${PODS_ROOT}/Target Support Files/Pods-NMS-IOS/Pods-NMS-IOS-frameworks-${CONFIGURATION}-input-files.xcfilelist",
			);
			name = "[CP] Embed Pods Frameworks";
			outputFileListPaths = (
				"${PODS_ROOT}/Target Support Files/Pods-NMS-IOS/Pods-NMS-IOS-frameworks-${CONFIGURATION}-output-files.xcfilelist",
			);
			runOnlyForDeploymentPostprocessing = 0;
			shellPath = /bin/sh;
			shellScript = "\"${PODS_ROOT}/Target Support Files/Pods-NMS-IOS/Pods-NMS-IOS-frameworks.sh\"\n";
			showEnvVarsInLog = 0;
		};
		7494F85F672BAB032E4C0A01 /* [CP] Check Pods Manifest.lock */ = {
			isa = PBXShellScriptBuildPhase;
			buildActionMask = 2147483647;
			files = (
			);
			inputFileListPaths = (
			);
			inputPaths = (
				"${PODS_PODFILE_DIR_PATH}/Podfile.lock",
				"${PODS_ROOT}/Manifest.lock",
			);
			name = "[CP] Check Pods Manifest.lock";
			outputFileListPaths = (
			);
			outputPaths = (
				"$(DERIVED_FILE_DIR)/Pods-NMS-IOS-checkManifestLockResult.txt",
			);
			runOnlyForDeploymentPostprocessing = 0;
			shellPath = /bin/sh;
			shellScript = "diff \"${PODS_PODFILE_DIR_PATH}/Podfile.lock\" \"${PODS_ROOT}/Manifest.lock\" > /dev/null\nif [ $? != 0 ] ; then\n    # print error to STDERR\n    echo \"error: The sandbox is not in sync with the Podfile.lock. Run 'pod install' or update your CocoaPods installation.\" >&2\n    exit 1\nfi\n# This output is used by Xcode 'outputs' to avoid re-running this script phase.\necho \"SUCCESS\" > \"${SCRIPT_OUTPUT_FILE_0}\"\n";
			showEnvVarsInLog = 0;
		};
/* End PBXShellScriptBuildPhase section */

/* Begin PBXSourcesBuildPhase section */
		57C8500D26ECEFF200D0B3DF /* Sources */ = {
			isa = PBXSourcesBuildPhase;
			buildActionMask = 2147483647;
			files = (
				577A1BE0274B0F0200282527 /* CustomCollectionView.swift in Sources */,
				577A1BE2274B7AB400282527 /* MainPostCrellFunc.swift in Sources */,
				57BBF7822745C79A0075053D /* DumeData.swift in Sources */,
				574A77B42757A6E000204BFF /* DetailPostViewController.swift in Sources */,
				573E430A27380F2E004457AA /* SecondSignUpViewController.swift in Sources */,
				5724F80D274CD49A00F3A93A /* EditMyProfileViewController.swift in Sources */,
				571234D5273962F100E9E9B4 /* MainViewController.swift in Sources */,
				572A272227623C01003AFA06 /* API.swift in Sources */,
				57C8501926ECEFF200D0B3DF /* LoginAndSignupViewController.swift in Sources */,
				577A1BE4274BB51A00282527 /* MainPostHasImageTableViewCell.swift in Sources */,
				57D8062027393CCD003B5C06 /* ThirdSignUpViewController.swift in Sources */,
				5772272727563FFC00BDF2BE /* SecondChangePasswordViewController.swift in Sources */,
				57D264562747F07A009002C4 /* MainMyPageViewController.swift in Sources */,
				570B6D2E2732A218002AFA9E /* MainLoginViewController.swift in Sources */,
				57637F8E273AAE2E007B8334 /* MainPostTableViewCell.swift in Sources */,
				57C8501526ECEFF200D0B3DF /* AppDelegate.swift in Sources */,
				5768203E27341E8B008685F7 /* FirstSignUpViewController.swift in Sources */,
				577A1BDE274B0BAD00282527 /* LikePostCollectionViewCell.swift in Sources */,
				57A57A7B275B902400845A22 /* ReplyCommentTableViewCell.swift in Sources */,
				5793749D2734E7D000D8096F /* SignUpViewModel.swift in Sources */,
				57DF49D4275512CA001AC399 /* FirstChangPassWordViewController.swift in Sources */,
				57D8061E2739052C003B5C06 /* TextField.swift in Sources */,
				57A57A78275B900000845A22 /* MainCommentTableViewCell.swift in Sources */,
				57C8501726ECEFF200D0B3DF /* SceneDelegate.swift in Sources */,
				570077B5273A7C4500608A93 /* MenuTableViewCell.swift in Sources */,
				5793749F2734E7EE00D8096F /* ViewModelType.swift in Sources */,
				57EB66842762325E00F16A97 /* TokenModel.swift in Sources */,
			);
			runOnlyForDeploymentPostprocessing = 0;
		};
/* End PBXSourcesBuildPhase section */

/* Begin PBXVariantGroup section */
		57C8501F26ECEFF300D0B3DF /* LaunchScreen.storyboard */ = {
			isa = PBXVariantGroup;
			children = (
				57C8502026ECEFF300D0B3DF /* Base */,
			);
			name = LaunchScreen.storyboard;
			sourceTree = "<group>";
		};
/* End PBXVariantGroup section */

/* Begin XCBuildConfiguration section */
		57C8502326ECEFF300D0B3DF /* Debug */ = {
			isa = XCBuildConfiguration;
			buildSettings = {
				ALWAYS_SEARCH_USER_PATHS = NO;
				CLANG_ANALYZER_NONNULL = YES;
				CLANG_ANALYZER_NUMBER_OBJECT_CONVERSION = YES_AGGRESSIVE;
				CLANG_CXX_LANGUAGE_STANDARD = "gnu++14";
				CLANG_CXX_LIBRARY = "libc++";
				CLANG_ENABLE_MODULES = YES;
				CLANG_ENABLE_OBJC_ARC = YES;
				CLANG_ENABLE_OBJC_WEAK = YES;
				CLANG_WARN_BLOCK_CAPTURE_AUTORELEASING = YES;
				CLANG_WARN_BOOL_CONVERSION = YES;
				CLANG_WARN_COMMA = YES;
				CLANG_WARN_CONSTANT_CONVERSION = YES;
				CLANG_WARN_DEPRECATED_OBJC_IMPLEMENTATIONS = YES;
				CLANG_WARN_DIRECT_OBJC_ISA_USAGE = YES_ERROR;
				CLANG_WARN_DOCUMENTATION_COMMENTS = YES;
				CLANG_WARN_EMPTY_BODY = YES;
				CLANG_WARN_ENUM_CONVERSION = YES;
				CLANG_WARN_INFINITE_RECURSION = YES;
				CLANG_WARN_INT_CONVERSION = YES;
				CLANG_WARN_NON_LITERAL_NULL_CONVERSION = YES;
				CLANG_WARN_OBJC_IMPLICIT_RETAIN_SELF = YES;
				CLANG_WARN_OBJC_LITERAL_CONVERSION = YES;
				CLANG_WARN_OBJC_ROOT_CLASS = YES_ERROR;
				CLANG_WARN_QUOTED_INCLUDE_IN_FRAMEWORK_HEADER = YES;
				CLANG_WARN_RANGE_LOOP_ANALYSIS = YES;
				CLANG_WARN_STRICT_PROTOTYPES = YES;
				CLANG_WARN_SUSPICIOUS_MOVE = YES;
				CLANG_WARN_UNGUARDED_AVAILABILITY = YES_AGGRESSIVE;
				CLANG_WARN_UNREACHABLE_CODE = YES;
				CLANG_WARN__DUPLICATE_METHOD_MATCH = YES;
				COPY_PHASE_STRIP = NO;
				DEBUG_INFORMATION_FORMAT = dwarf;
				ENABLE_STRICT_OBJC_MSGSEND = YES;
				ENABLE_TESTABILITY = YES;
				GCC_C_LANGUAGE_STANDARD = gnu11;
				GCC_DYNAMIC_NO_PIC = NO;
				GCC_NO_COMMON_BLOCKS = YES;
				GCC_OPTIMIZATION_LEVEL = 0;
				GCC_PREPROCESSOR_DEFINITIONS = (
					"DEBUG=1",
					"$(inherited)",
				);
				GCC_WARN_64_TO_32_BIT_CONVERSION = YES;
				GCC_WARN_ABOUT_RETURN_TYPE = YES_ERROR;
				GCC_WARN_UNDECLARED_SELECTOR = YES;
				GCC_WARN_UNINITIALIZED_AUTOS = YES_AGGRESSIVE;
				GCC_WARN_UNUSED_FUNCTION = YES;
				GCC_WARN_UNUSED_VARIABLE = YES;
				IPHONEOS_DEPLOYMENT_TARGET = 15.0;
				MTL_ENABLE_DEBUG_INFO = INCLUDE_SOURCE;
				MTL_FAST_MATH = YES;
				ONLY_ACTIVE_ARCH = YES;
				SDKROOT = iphoneos;
				SWIFT_ACTIVE_COMPILATION_CONDITIONS = DEBUG;
				SWIFT_OPTIMIZATION_LEVEL = "-Onone";
			};
			name = Debug;
		};
		57C8502426ECEFF300D0B3DF /* Release */ = {
			isa = XCBuildConfiguration;
			buildSettings = {
				ALWAYS_SEARCH_USER_PATHS = NO;
				CLANG_ANALYZER_NONNULL = YES;
				CLANG_ANALYZER_NUMBER_OBJECT_CONVERSION = YES_AGGRESSIVE;
				CLANG_CXX_LANGUAGE_STANDARD = "gnu++14";
				CLANG_CXX_LIBRARY = "libc++";
				CLANG_ENABLE_MODULES = YES;
				CLANG_ENABLE_OBJC_ARC = YES;
				CLANG_ENABLE_OBJC_WEAK = YES;
				CLANG_WARN_BLOCK_CAPTURE_AUTORELEASING = YES;
				CLANG_WARN_BOOL_CONVERSION = YES;
				CLANG_WARN_COMMA = YES;
				CLANG_WARN_CONSTANT_CONVERSION = YES;
				CLANG_WARN_DEPRECATED_OBJC_IMPLEMENTATIONS = YES;
				CLANG_WARN_DIRECT_OBJC_ISA_USAGE = YES_ERROR;
				CLANG_WARN_DOCUMENTATION_COMMENTS = YES;
				CLANG_WARN_EMPTY_BODY = YES;
				CLANG_WARN_ENUM_CONVERSION = YES;
				CLANG_WARN_INFINITE_RECURSION = YES;
				CLANG_WARN_INT_CONVERSION = YES;
				CLANG_WARN_NON_LITERAL_NULL_CONVERSION = YES;
				CLANG_WARN_OBJC_IMPLICIT_RETAIN_SELF = YES;
				CLANG_WARN_OBJC_LITERAL_CONVERSION = YES;
				CLANG_WARN_OBJC_ROOT_CLASS = YES_ERROR;
				CLANG_WARN_QUOTED_INCLUDE_IN_FRAMEWORK_HEADER = YES;
				CLANG_WARN_RANGE_LOOP_ANALYSIS = YES;
				CLANG_WARN_STRICT_PROTOTYPES = YES;
				CLANG_WARN_SUSPICIOUS_MOVE = YES;
				CLANG_WARN_UNGUARDED_AVAILABILITY = YES_AGGRESSIVE;
				CLANG_WARN_UNREACHABLE_CODE = YES;
				CLANG_WARN__DUPLICATE_METHOD_MATCH = YES;
				COPY_PHASE_STRIP = NO;
				DEBUG_INFORMATION_FORMAT = "dwarf-with-dsym";
				ENABLE_NS_ASSERTIONS = NO;
				ENABLE_STRICT_OBJC_MSGSEND = YES;
				GCC_C_LANGUAGE_STANDARD = gnu11;
				GCC_NO_COMMON_BLOCKS = YES;
				GCC_WARN_64_TO_32_BIT_CONVERSION = YES;
				GCC_WARN_ABOUT_RETURN_TYPE = YES_ERROR;
				GCC_WARN_UNDECLARED_SELECTOR = YES;
				GCC_WARN_UNINITIALIZED_AUTOS = YES_AGGRESSIVE;
				GCC_WARN_UNUSED_FUNCTION = YES;
				GCC_WARN_UNUSED_VARIABLE = YES;
				IPHONEOS_DEPLOYMENT_TARGET = 15.0;
				MTL_ENABLE_DEBUG_INFO = NO;
				MTL_FAST_MATH = YES;
				SDKROOT = iphoneos;
				SWIFT_COMPILATION_MODE = wholemodule;
				SWIFT_OPTIMIZATION_LEVEL = "-O";
				VALIDATE_PRODUCT = YES;
			};
			name = Release;
		};
		57C8502626ECEFF300D0B3DF /* Debug */ = {
			isa = XCBuildConfiguration;
			baseConfigurationReference = 21D8982C61B214D683690A85 /* Pods-NMS-IOS.debug.xcconfig */;
			buildSettings = {
				ASSETCATALOG_COMPILER_APPICON_NAME = AppIcon;
				ASSETCATALOG_COMPILER_GLOBAL_ACCENT_COLOR_NAME = AccentColor;
				CODE_SIGN_STYLE = Automatic;
				CURRENT_PROJECT_VERSION = 1;
				DEVELOPMENT_TEAM = Z25H7B85Z8;
				GENERATE_INFOPLIST_FILE = YES;
				INFOPLIST_FILE = "NMS-IOS/Resources/Info.plist";
				INFOPLIST_KEY_CFBundleDisplayName = NMS;
				INFOPLIST_KEY_CFBundleExecutable = "0Z-Project";
				INFOPLIST_KEY_CFBundleName = "0Z-Project";
				INFOPLIST_KEY_CFBundleVersion = 1;
				INFOPLIST_KEY_UIApplicationSupportsIndirectInputEvents = YES;
				INFOPLIST_KEY_UILaunchStoryboardName = LaunchScreen;
				INFOPLIST_KEY_UISupportedInterfaceOrientations_iPad = "UIInterfaceOrientationPortrait UIInterfaceOrientationPortraitUpsideDown UIInterfaceOrientationLandscapeLeft UIInterfaceOrientationLandscapeRight";
				INFOPLIST_KEY_UISupportedInterfaceOrientations_iPhone = "UIInterfaceOrientationPortrait UIInterfaceOrientationLandscapeLeft UIInterfaceOrientationLandscapeRight";
				LD_RUNPATH_SEARCH_PATHS = (
					"$(inherited)",
					"@executable_path/Frameworks",
				);
				MARKETING_VERSION = 1.0;
				PRODUCT_BUNDLE_IDENTIFIER = "com.rich.-NMS-Project";
				PRODUCT_NAME = "$(TARGET_NAME)";
				SWIFT_EMIT_LOC_STRINGS = YES;
				SWIFT_VERSION = 5.0;
				TARGETED_DEVICE_FAMILY = 1;
			};
			name = Debug;
		};
		57C8502726ECEFF300D0B3DF /* Release */ = {
			isa = XCBuildConfiguration;
			baseConfigurationReference = 5720433274A4DF04F4AB28EA /* Pods-NMS-IOS.release.xcconfig */;
			buildSettings = {
				ASSETCATALOG_COMPILER_APPICON_NAME = AppIcon;
				ASSETCATALOG_COMPILER_GLOBAL_ACCENT_COLOR_NAME = AccentColor;
				CODE_SIGN_STYLE = Automatic;
				CURRENT_PROJECT_VERSION = 1;
				DEVELOPMENT_TEAM = Z25H7B85Z8;
				GENERATE_INFOPLIST_FILE = YES;
				INFOPLIST_FILE = "NMS-IOS/Resources/Info.plist";
				INFOPLIST_KEY_CFBundleDisplayName = NMS;
				INFOPLIST_KEY_CFBundleExecutable = "0Z-Project";
				INFOPLIST_KEY_CFBundleName = "0Z-Project";
				INFOPLIST_KEY_CFBundleVersion = 1;
				INFOPLIST_KEY_UIApplicationSupportsIndirectInputEvents = YES;
				INFOPLIST_KEY_UILaunchStoryboardName = LaunchScreen;
				INFOPLIST_KEY_UISupportedInterfaceOrientations_iPad = "UIInterfaceOrientationPortrait UIInterfaceOrientationPortraitUpsideDown UIInterfaceOrientationLandscapeLeft UIInterfaceOrientationLandscapeRight";
				INFOPLIST_KEY_UISupportedInterfaceOrientations_iPhone = "UIInterfaceOrientationPortrait UIInterfaceOrientationLandscapeLeft UIInterfaceOrientationLandscapeRight";
				LD_RUNPATH_SEARCH_PATHS = (
					"$(inherited)",
					"@executable_path/Frameworks",
				);
				MARKETING_VERSION = 1.0;
				PRODUCT_BUNDLE_IDENTIFIER = "com.rich.-NMS-Project";
				PRODUCT_NAME = "$(TARGET_NAME)";
				SWIFT_EMIT_LOC_STRINGS = YES;
				SWIFT_VERSION = 5.0;
				TARGETED_DEVICE_FAMILY = 1;
			};
			name = Release;
		};
/* End XCBuildConfiguration section */

/* Begin XCConfigurationList section */
		57C8500C26ECEFF200D0B3DF /* Build configuration list for PBXProject "NMS-IOS" */ = {
			isa = XCConfigurationList;
			buildConfigurations = (
				57C8502326ECEFF300D0B3DF /* Debug */,
				57C8502426ECEFF300D0B3DF /* Release */,
			);
			defaultConfigurationIsVisible = 0;
			defaultConfigurationName = Release;
		};
		57C8502526ECEFF300D0B3DF /* Build configuration list for PBXNativeTarget "NMS-IOS" */ = {
			isa = XCConfigurationList;
			buildConfigurations = (
				57C8502626ECEFF300D0B3DF /* Debug */,
				57C8502726ECEFF300D0B3DF /* Release */,
			);
			defaultConfigurationIsVisible = 0;
			defaultConfigurationName = Release;
		};
/* End XCConfigurationList section */
	};
	rootObject = 57C8500926ECEFF200D0B3DF /* Project object */;
}
